
Microsoft Visual Studio Solution File, Format Version 12.00
# Visual Studio Version 17
VisualStudioVersion = 17.9.34728.123
MinimumVisualStudioVersion = 10.0.40219.1
Project("{9A19103F-16F7-4668-BE54-9A1E7A4F7556}") = "CarPark", "CarPark\CarPark.csproj", "{099D4F2D-F164-4B8D-B9D0-956B84BBBFE0}"
EndProject
Global
	GlobalSection(SolutionConfigurationPlatforms) = preSolution
		Debug|Any CPU = Debug|Any CPU
		Release|Any CPU = Release|Any CPU
	EndGlobalSection
	GlobalSection(ProjectConfigurationPlatforms) = postSolution
		{099D4F2D-F164-4B8D-B9D0-956B84BBBFE0}.Debug|Any CPU.ActiveCfg = Debug|Any CPU
		{099D4F2D-F164-4B8D-B9D0-956B84BBBFE0}.Debug|Any CPU.Build.0 = Debug|Any CPU
		{099D4F2D-F164-4B8D-B9D0-956B84BBBFE0}.Release|Any CPU.ActiveCfg = Release|Any CPU
		{099D4F2D-F164-4B8D-B9D0-956B84BBBFE0}.Release|Any CPU.Build.0 = Release|Any CPU
	EndGlobalSection
	GlobalSection(SolutionProperties) = preSolution
		HideSolutionNode = FALSE
	EndGlobalSection
	GlobalSection(ExtensibilityGlobals) = postSolution
		SolutionGuid = {D7FBEF1D-5343-4BB6-8BB5-E1FDF07DE494}
	EndGlobalSection
EndGlobal
